// !$*UTF8*$!
{
	archiveVersion = 1;
	classes = {
	};
	objectVersion = 50;
	objects = {

/* Begin PBXBuildFile section */
		7E0B48DD240D4C4300375BC6 /* ApplySectionCell.swift in Sources */ = {isa = PBXBuildFile; fileRef = 7E0B48DC240D4C4300375BC6 /* ApplySectionCell.swift */; };
		7E19E4A0240541C700B94B45 /* SettingsCell.swift in Sources */ = {isa = PBXBuildFile; fileRef = 7E19E49F240541C700B94B45 /* SettingsCell.swift */; };
		7E3B3BBA23FBE90100E64B08 /* Main.storyboard in Resources */ = {isa = PBXBuildFile; fileRef = 7E3B3BB923FBE90100E64B08 /* Main.storyboard */; };
		7E3B3BBC23FBEFCF00E64B08 /* TabBarController.swift in Sources */ = {isa = PBXBuildFile; fileRef = 7E3B3BBB23FBEFCF00E64B08 /* TabBarController.swift */; };
		7E5F224D23FACD4500F91A67 /* AppDelegate.swift in Sources */ = {isa = PBXBuildFile; fileRef = 7E5F224C23FACD4500F91A67 /* AppDelegate.swift */; };
		7E5F224F23FACD4500F91A67 /* SceneDelegate.swift in Sources */ = {isa = PBXBuildFile; fileRef = 7E5F224E23FACD4500F91A67 /* SceneDelegate.swift */; };
		7E5F225623FACD4700F91A67 /* Assets.xcassets in Resources */ = {isa = PBXBuildFile; fileRef = 7E5F225523FACD4700F91A67 /* Assets.xcassets */; };
		7E5F225923FACD4700F91A67 /* LaunchScreen.storyboard in Resources */ = {isa = PBXBuildFile; fileRef = 7E5F225723FACD4700F91A67 /* LaunchScreen.storyboard */; };
		7E5F226123FAD23700F91A67 /* HomeViewController.swift in Sources */ = {isa = PBXBuildFile; fileRef = 7E5F226023FAD23700F91A67 /* HomeViewController.swift */; };
		7E5F226323FAD24F00F91A67 /* ApplyViewController.swift in Sources */ = {isa = PBXBuildFile; fileRef = 7E5F226223FAD24F00F91A67 /* ApplyViewController.swift */; };
		7E5F226523FAD26200F91A67 /* SettingsViewController.swift in Sources */ = {isa = PBXBuildFile; fileRef = 7E5F226423FAD26200F91A67 /* SettingsViewController.swift */; };
		7E62C29323FBD732007EE3CD /* HomeScreen.xcassets in Resources */ = {isa = PBXBuildFile; fileRef = 7E62C29223FBD732007EE3CD /* HomeScreen.xcassets */; };
		7E62C29523FBDD8F007EE3CD /* ApplyScreen.xcassets in Resources */ = {isa = PBXBuildFile; fileRef = 7E62C29423FBDD8F007EE3CD /* ApplyScreen.xcassets */; };
		7E62C29723FBDFCE007EE3CD /* SettingsScreen.xcassets in Resources */ = {isa = PBXBuildFile; fileRef = 7E62C29623FBDFCE007EE3CD /* SettingsScreen.xcassets */; };
		7E62C29923FBE05B007EE3CD /* SchoolProfile.xcassets in Resources */ = {isa = PBXBuildFile; fileRef = 7E62C29823FBE05B007EE3CD /* SchoolProfile.xcassets */; };
		7E74C1E823FD9FC9001CA8AF /* Utilities.swift in Sources */ = {isa = PBXBuildFile; fileRef = 7E74C1E723FD9FC9001CA8AF /* Utilities.swift */; };
		7E8690DD24041232006A0A80 /* ChangeLanguagePopUp.swift in Sources */ = {isa = PBXBuildFile; fileRef = 7E8690DC24041232006A0A80 /* ChangeLanguagePopUp.swift */; };
/* End PBXBuildFile section */

/* Begin PBXFileReference section */
		7E0B48DC240D4C4300375BC6 /* ApplySectionCell.swift */ = {isa = PBXFileReference; lastKnownFileType = sourcecode.swift; path = ApplySectionCell.swift; sourceTree = "<group>"; };
		7E19E49F240541C700B94B45 /* SettingsCell.swift */ = {isa = PBXFileReference; lastKnownFileType = sourcecode.swift; path = SettingsCell.swift; sourceTree = "<group>"; };
		7E3B3BB923FBE90100E64B08 /* Main.storyboard */ = {isa = PBXFileReference; lastKnownFileType = file.storyboard; path = Main.storyboard; sourceTree = "<group>"; };
		7E3B3BBB23FBEFCF00E64B08 /* TabBarController.swift */ = {isa = PBXFileReference; lastKnownFileType = sourcecode.swift; path = TabBarController.swift; sourceTree = "<group>"; };
		7E5F224923FACD4500F91A67 /* Qorsat.app */ = {isa = PBXFileReference; explicitFileType = wrapper.application; includeInIndex = 0; path = Qorsat.app; sourceTree = BUILT_PRODUCTS_DIR; };
		7E5F224C23FACD4500F91A67 /* AppDelegate.swift */ = {isa = PBXFileReference; lastKnownFileType = sourcecode.swift; path = AppDelegate.swift; sourceTree = "<group>"; };
		7E5F224E23FACD4500F91A67 /* SceneDelegate.swift */ = {isa = PBXFileReference; lastKnownFileType = sourcecode.swift; path = SceneDelegate.swift; sourceTree = "<group>"; };
		7E5F225523FACD4700F91A67 /* Assets.xcassets */ = {isa = PBXFileReference; lastKnownFileType = folder.assetcatalog; path = Assets.xcassets; sourceTree = "<group>"; };
		7E5F225823FACD4700F91A67 /* Base */ = {isa = PBXFileReference; lastKnownFileType = file.storyboard; name = Base; path = Base.lproj/LaunchScreen.storyboard; sourceTree = "<group>"; };
		7E5F225A23FACD4700F91A67 /* Info.plist */ = {isa = PBXFileReference; lastKnownFileType = text.plist.xml; path = Info.plist; sourceTree = "<group>"; };
		7E5F226023FAD23700F91A67 /* HomeViewController.swift */ = {isa = PBXFileReference; lastKnownFileType = sourcecode.swift; path = HomeViewController.swift; sourceTree = "<group>"; };
		7E5F226223FAD24F00F91A67 /* ApplyViewController.swift */ = {isa = PBXFileReference; lastKnownFileType = sourcecode.swift; path = ApplyViewController.swift; sourceTree = "<group>"; };
		7E5F226423FAD26200F91A67 /* SettingsViewController.swift */ = {isa = PBXFileReference; lastKnownFileType = sourcecode.swift; path = SettingsViewController.swift; sourceTree = "<group>"; };
		7E62C29223FBD732007EE3CD /* HomeScreen.xcassets */ = {isa = PBXFileReference; lastKnownFileType = folder.assetcatalog; path = HomeScreen.xcassets; sourceTree = "<group>"; };
		7E62C29423FBDD8F007EE3CD /* ApplyScreen.xcassets */ = {isa = PBXFileReference; lastKnownFileType = folder.assetcatalog; path = ApplyScreen.xcassets; sourceTree = "<group>"; };
		7E62C29623FBDFCE007EE3CD /* SettingsScreen.xcassets */ = {isa = PBXFileReference; lastKnownFileType = folder.assetcatalog; path = SettingsScreen.xcassets; sourceTree = "<group>"; };
		7E62C29823FBE05B007EE3CD /* SchoolProfile.xcassets */ = {isa = PBXFileReference; lastKnownFileType = folder.assetcatalog; path = SchoolProfile.xcassets; sourceTree = "<group>"; };
		7E74C1E723FD9FC9001CA8AF /* Utilities.swift */ = {isa = PBXFileReference; lastKnownFileType = sourcecode.swift; path = Utilities.swift; sourceTree = "<group>"; };
		7E8690DC24041232006A0A80 /* ChangeLanguagePopUp.swift */ = {isa = PBXFileReference; lastKnownFileType = sourcecode.swift; path = ChangeLanguagePopUp.swift; sourceTree = "<group>"; };
/* End PBXFileReference section */

/* Begin PBXFrameworksBuildPhase section */
		7E5F224623FACD4500F91A67 /* Frameworks */ = {
			isa = PBXFrameworksBuildPhase;
			buildActionMask = 2147483647;
			files = (
			);
			runOnlyForDeploymentPostprocessing = 0;
		};
/* End PBXFrameworksBuildPhase section */

/* Begin PBXGroup section */
		7E5F224023FACD4500F91A67 = {
			isa = PBXGroup;
			children = (
				7E5F224B23FACD4500F91A67 /* Qorsat */,
				7E5F224A23FACD4500F91A67 /* Products */,
			);
			sourceTree = "<group>";
		};
		7E5F224A23FACD4500F91A67 /* Products */ = {
			isa = PBXGroup;
			children = (
				7E5F224923FACD4500F91A67 /* Qorsat.app */,
			);
			name = Products;
			sourceTree = "<group>";
		};
		7E5F224B23FACD4500F91A67 /* Qorsat */ = {
			isa = PBXGroup;
			children = (
				7E5F224C23FACD4500F91A67 /* AppDelegate.swift */,
				7E5F224E23FACD4500F91A67 /* SceneDelegate.swift */,
				7E5F226023FAD23700F91A67 /* HomeViewController.swift */,
				7E5F226223FAD24F00F91A67 /* ApplyViewController.swift */,
				7E8690DC24041232006A0A80 /* ChangeLanguagePopUp.swift */,
				7E5F226423FAD26200F91A67 /* SettingsViewController.swift */,
				7E5F225523FACD4700F91A67 /* Assets.xcassets */,
				7E5F225723FACD4700F91A67 /* LaunchScreen.storyboard */,
				7E5F225A23FACD4700F91A67 /* Info.plist */,
				7E62C29223FBD732007EE3CD /* HomeScreen.xcassets */,
				7E62C29423FBDD8F007EE3CD /* ApplyScreen.xcassets */,
				7E62C29623FBDFCE007EE3CD /* SettingsScreen.xcassets */,
				7E62C29823FBE05B007EE3CD /* SchoolProfile.xcassets */,
				7E3B3BB923FBE90100E64B08 /* Main.storyboard */,
				7E3B3BBB23FBEFCF00E64B08 /* TabBarController.swift */,
				7E74C1E723FD9FC9001CA8AF /* Utilities.swift */,
				7E19E49F240541C700B94B45 /* SettingsCell.swift */,
				7E0B48DC240D4C4300375BC6 /* ApplySectionCell.swift */,
			);
			path = Qorsat;
			sourceTree = "<group>";
		};
/* End PBXGroup section */

/* Begin PBXNativeTarget section */
		7E5F224823FACD4500F91A67 /* Qorsat */ = {
			isa = PBXNativeTarget;
			buildConfigurationList = 7E5F225D23FACD4700F91A67 /* Build configuration list for PBXNativeTarget "Qorsat" */;
			buildPhases = (
				7E5F224523FACD4500F91A67 /* Sources */,
				7E5F224623FACD4500F91A67 /* Frameworks */,
				7E5F224723FACD4500F91A67 /* Resources */,
			);
			buildRules = (
			);
			dependencies = (
			);
			name = Qorsat;
			productName = Qorsat;
			productReference = 7E5F224923FACD4500F91A67 /* Qorsat.app */;
			productType = "com.apple.product-type.application";
		};
/* End PBXNativeTarget section */

/* Begin PBXProject section */
		7E5F224123FACD4500F91A67 /* Project object */ = {
			isa = PBXProject;
			attributes = {
				LastSwiftUpdateCheck = 1110;
				LastUpgradeCheck = 1110;
				ORGANIZATIONNAME = Ahsan;
				TargetAttributes = {
					7E5F224823FACD4500F91A67 = {
						CreatedOnToolsVersion = 11.1;
					};
				};
			};
			buildConfigurationList = 7E5F224423FACD4500F91A67 /* Build configuration list for PBXProject "Qorsat" */;
			compatibilityVersion = "Xcode 9.3";
			developmentRegion = en;
			hasScannedForEncodings = 0;
			knownRegions = (
				en,
				Base,
			);
			mainGroup = 7E5F224023FACD4500F91A67;
			productRefGroup = 7E5F224A23FACD4500F91A67 /* Products */;
			projectDirPath = "";
			projectRoot = "";
			targets = (
				7E5F224823FACD4500F91A67 /* Qorsat */,
			);
		};
/* End PBXProject section */

/* Begin PBXResourcesBuildPhase section */
		7E5F224723FACD4500F91A67 /* Resources */ = {
			isa = PBXResourcesBuildPhase;
			buildActionMask = 2147483647;
			files = (
				7E3B3BBA23FBE90100E64B08 /* Main.storyboard in Resources */,
				7E5F225923FACD4700F91A67 /* LaunchScreen.storyboard in Resources */,
				7E62C29323FBD732007EE3CD /* HomeScreen.xcassets in Resources */,
				7E62C29523FBDD8F007EE3CD /* ApplyScreen.xcassets in Resources */,
				7E62C29723FBDFCE007EE3CD /* SettingsScreen.xcassets in Resources */,
				7E5F225623FACD4700F91A67 /* Assets.xcassets in Resources */,
				7E62C29923FBE05B007EE3CD /* SchoolProfile.xcassets in Resources */,
			);
			runOnlyForDeploymentPostprocessing = 0;
		};
/* End PBXResourcesBuildPhase section */

/* Begin PBXSourcesBuildPhase section */
		7E5F224523FACD4500F91A67 /* Sources */ = {
			isa = PBXSourcesBuildPhase;
			buildActionMask = 2147483647;
			files = (
				7E5F224D23FACD4500F91A67 /* AppDelegate.swift in Sources */,
				7E5F226323FAD24F00F91A67 /* ApplyViewController.swift in Sources */,
				7E19E4A0240541C700B94B45 /* SettingsCell.swift in Sources */,
				7E8690DD24041232006A0A80 /* ChangeLanguagePopUp.swift in Sources */,
				7E0B48DD240D4C4300375BC6 /* ApplySectionCell.swift in Sources */,
				7E74C1E823FD9FC9001CA8AF /* Utilities.swift in Sources */,
				7E5F224F23FACD4500F91A67 /* SceneDelegate.swift in Sources */,
				7E3B3BBC23FBEFCF00E64B08 /* TabBarController.swift in Sources */,
				7E5F226123FAD23700F91A67 /* HomeViewController.swift in Sources */,
				7E5F226523FAD26200F91A67 /* SettingsViewController.swift in Sources */,
			);
			runOnlyForDeploymentPostprocessing = 0;
		};
/* End PBXSourcesBuildPhase section */

/* Begin PBXVariantGroup section */
		7E5F225723FACD4700F91A67 /* LaunchScreen.storyboard */ = {
			isa = PBXVariantGroup;
			children = (
				7E5F225823FACD4700F91A67 /* Base */,
			);
			name = LaunchScreen.storyboard;
			sourceTree = "<group>";
		};
/* End PBXVariantGroup section */

/* Begin XCBuildConfiguration section */
		7E5F225B23FACD4700F91A67 /* Debug */ = {
			isa = XCBuildConfiguration;
			buildSettings = {
				ALWAYS_SEARCH_USER_PATHS = NO;
				CLANG_ANALYZER_NONNULL = YES;
				CLANG_ANALYZER_NUMBER_OBJECT_CONVERSION = YES_AGGRESSIVE;
				CLANG_CXX_LANGUAGE_STANDARD = "gnu++14";
				CLANG_CXX_LIBRARY = "libc++";
				CLANG_ENABLE_MODULES = YES;
				CLANG_ENABLE_OBJC_ARC = YES;
				CLANG_ENABLE_OBJC_WEAK = YES;
				CLANG_WARN_BLOCK_CAPTURE_AUTORELEASING = YES;
				CLANG_WARN_BOOL_CONVERSION = YES;
				CLANG_WARN_COMMA = YES;
				CLANG_WARN_CONSTANT_CONVERSION = YES;
				CLANG_WARN_DEPRECATED_OBJC_IMPLEMENTATIONS = YES;
				CLANG_WARN_DIRECT_OBJC_ISA_USAGE = YES_ERROR;
				CLANG_WARN_DOCUMENTATION_COMMENTS = YES;
				CLANG_WARN_EMPTY_BODY = YES;
				CLANG_WARN_ENUM_CONVERSION = YES;
				CLANG_WARN_INFINITE_RECURSION = YES;
				CLANG_WARN_INT_CONVERSION = YES;
				CLANG_WARN_NON_LITERAL_NULL_CONVERSION = YES;
				CLANG_WARN_OBJC_IMPLICIT_RETAIN_SELF = YES;
				CLANG_WARN_OBJC_LITERAL_CONVERSION = YES;
				CLANG_WARN_OBJC_ROOT_CLASS = YES_ERROR;
				CLANG_WARN_RANGE_LOOP_ANALYSIS = YES;
				CLANG_WARN_STRICT_PROTOTYPES = YES;
				CLANG_WARN_SUSPICIOUS_MOVE = YES;
				CLANG_WARN_UNGUARDED_AVAILABILITY = YES_AGGRESSIVE;
				CLANG_WARN_UNREACHABLE_CODE = YES;
				CLANG_WARN__DUPLICATE_METHOD_MATCH = YES;
				COPY_PHASE_STRIP = NO;
				DEBUG_INFORMATION_FORMAT = dwarf;
				ENABLE_STRICT_OBJC_MSGSEND = YES;
				ENABLE_TESTABILITY = YES;
				GCC_C_LANGUAGE_STANDARD = gnu11;
				GCC_DYNAMIC_NO_PIC = NO;
				GCC_NO_COMMON_BLOCKS = YES;
				GCC_OPTIMIZATION_LEVEL = 0;
				GCC_PREPROCESSOR_DEFINITIONS = (
					"DEBUG=1",
					"$(inherited)",
				);
				GCC_WARN_64_TO_32_BIT_CONVERSION = YES;
				GCC_WARN_ABOUT_RETURN_TYPE = YES_ERROR;
				GCC_WARN_UNDECLARED_SELECTOR = YES;
				GCC_WARN_UNINITIALIZED_AUTOS = YES_AGGRESSIVE;
				GCC_WARN_UNUSED_FUNCTION = YES;
				GCC_WARN_UNUSED_VARIABLE = YES;
				IPHONEOS_DEPLOYMENT_TARGET = 13.1;
				MTL_ENABLE_DEBUG_INFO = INCLUDE_SOURCE;
				MTL_FAST_MATH = YES;
				ONLY_ACTIVE_ARCH = YES;
				SDKROOT = iphoneos;
				SWIFT_ACTIVE_COMPILATION_CONDITIONS = DEBUG;
				SWIFT_OPTIMIZATION_LEVEL = "-Onone";
			};
			name = Debug;
		};
		7E5F225C23FACD4700F91A67 /* Release */ = {
			isa = XCBuildConfiguration;
			buildSettings = {
				ALWAYS_SEARCH_USER_PATHS = NO;
				CLANG_ANALYZER_NONNULL = YES;
				CLANG_ANALYZER_NUMBER_OBJECT_CONVERSION = YES_AGGRESSIVE;
				CLANG_CXX_LANGUAGE_STANDARD = "gnu++14";
				CLANG_CXX_LIBRARY = "libc++";
				CLANG_ENABLE_MODULES = YES;
				CLANG_ENABLE_OBJC_ARC = YES;
				CLANG_ENABLE_OBJC_WEAK = YES;
				CLANG_WARN_BLOCK_CAPTURE_AUTORELEASING = YES;
				CLANG_WARN_BOOL_CONVERSION = YES;
				CLANG_WARN_COMMA = YES;
				CLANG_WARN_CONSTANT_CONVERSION = YES;
				CLANG_WARN_DEPRECATED_OBJC_IMPLEMENTATIONS = YES;
				CLANG_WARN_DIRECT_OBJC_ISA_USAGE = YES_ERROR;
				CLANG_WARN_DOCUMENTATION_COMMENTS = YES;
				CLANG_WARN_EMPTY_BODY = YES;
				CLANG_WARN_ENUM_CONVERSION = YES;
				CLANG_WARN_INFINITE_RECURSION = YES;
				CLANG_WARN_INT_CONVERSION = YES;
				CLANG_WARN_NON_LITERAL_NULL_CONVERSION = YES;
				CLANG_WARN_OBJC_IMPLICIT_RETAIN_SELF = YES;
				CLANG_WARN_OBJC_LITERAL_CONVERSION = YES;
				CLANG_WARN_OBJC_ROOT_CLASS = YES_ERROR;
				CLANG_WARN_RANGE_LOOP_ANALYSIS = YES;
				CLANG_WARN_STRICT_PROTOTYPES = YES;
				CLANG_WARN_SUSPICIOUS_MOVE = YES;
				CLANG_WARN_UNGUARDED_AVAILABILITY = YES_AGGRESSIVE;
				CLANG_WARN_UNREACHABLE_CODE = YES;
				CLANG_WARN__DUPLICATE_METHOD_MATCH = YES;
				COPY_PHASE_STRIP = NO;
				DEBUG_INFORMATION_FORMAT = "dwarf-with-dsym";
				ENABLE_NS_ASSERTIONS = NO;
				ENABLE_STRICT_OBJC_MSGSEND = YES;
				GCC_C_LANGUAGE_STANDARD = gnu11;
				GCC_NO_COMMON_BLOCKS = YES;
				GCC_WARN_64_TO_32_BIT_CONVERSION = YES;
				GCC_WARN_ABOUT_RETURN_TYPE = YES_ERROR;
				GCC_WARN_UNDECLARED_SELECTOR = YES;
				GCC_WARN_UNINITIALIZED_AUTOS = YES_AGGRESSIVE;
				GCC_WARN_UNUSED_FUNCTION = YES;
				GCC_WARN_UNUSED_VARIABLE = YES;
				IPHONEOS_DEPLOYMENT_TARGET = 13.1;
				MTL_ENABLE_DEBUG_INFO = NO;
				MTL_FAST_MATH = YES;
				SDKROOT = iphoneos;
				SWIFT_COMPILATION_MODE = wholemodule;
				SWIFT_OPTIMIZATION_LEVEL = "-O";
				VALIDATE_PRODUCT = YES;
			};
			name = Release;
		};
		7E5F225E23FACD4700F91A67 /* Debug */ = {
			isa = XCBuildConfiguration;
			buildSettings = {
				ASSETCATALOG_COMPILER_APPICON_NAME = AppIcon;
				CODE_SIGN_STYLE = Automatic;
				INFOPLIST_FILE = Qorsat/Info.plist;
				LD_RUNPATH_SEARCH_PATHS = (
					"$(inherited)",
					"@executable_path/Frameworks",
				);
				PRODUCT_BUNDLE_IDENTIFIER = com.Ahsan.Qorsat;
				PRODUCT_NAME = "$(TARGET_NAME)";
				SWIFT_VERSION = 5.0;
				TARGETED_DEVICE_FAMILY = 1;
			};
			name = Debug;
		};
		7E5F225F23FACD4700F91A67 /* Release */ = {
			isa = XCBuildConfiguration;
			buildSettings = {
				ASSETCATALOG_COMPILER_APPICON_NAME = AppIcon;
				CODE_SIGN_STYLE = Automatic;
				INFOPLIST_FILE = Qorsat/Info.plist;
				LD_RUNPATH_SEARCH_PATHS = (
					"$(inherited)",
					"@executable_path/Frameworks",
				);
				PRODUCT_BUNDLE_IDENTIFIER = com.Ahsan.Qorsat;
				PRODUCT_NAME = "$(TARGET_NAME)";
				SWIFT_VERSION = 5.0;
				TARGETED_DEVICE_FAMILY = 1;
			};
			name = Release;
		};
/* End XCBuildConfiguration section */

/* Begin XCConfigurationList section */
		7E5F224423FACD4500F91A67 /* Build configuration list for PBXProject "Qorsat" */ = {
			isa = XCConfigurationList;
			buildConfigurations = (
				7E5F225B23FACD4700F91A67 /* Debug */,
				7E5F225C23FACD4700F91A67 /* Release */,
			);
			defaultConfigurationIsVisible = 0;
			defaultConfigurationName = Release;
		};
		7E5F225D23FACD4700F91A67 /* Build configuration list for PBXNativeTarget "Qorsat" */ = {
			isa = XCConfigurationList;
			buildConfigurations = (
				7E5F225E23FACD4700F91A67 /* Debug */,
				7E5F225F23FACD4700F91A67 /* Release */,
			);
			defaultConfigurationIsVisible = 0;
			defaultConfigurationName = Release;
		};
/* End XCConfigurationList section */
	};
	rootObject = 7E5F224123FACD4500F91A67 /* Project object */;
}
